
Microsoft Visual Studio Solution File, Format Version 12.00
# Visual Studio Version 16
VisualStudioVersion = 16.0.30523.141
MinimumVisualStudioVersion = 10.0.40219.1
Project("{FAE04EC0-301F-11D3-BF4B-00C04F79EFBC}") = "SimmleApp", "SimmleApp\SimmleApp.csproj", "{4DBD60B2-1586-492B-82FE-7F5EBAA57CDB}"
EndProject
Global
	GlobalSection(SolutionConfigurationPlatforms) = preSolution
		Debug|Any CPU = Debug|Any CPU
		Release|Any CPU = Release|Any CPU
	EndGlobalSection
	GlobalSection(ProjectConfigurationPlatforms) = postSolution
		{4DBD60B2-1586-492B-82FE-7F5EBAA57CDB}.Debug|Any CPU.ActiveCfg = Debug|Any CPU
		{4DBD60B2-1586-492B-82FE-7F5EBAA57CDB}.Debug|Any CPU.Build.0 = Debug|Any CPU
		{4DBD60B2-1586-492B-82FE-7F5EBAA57CDB}.Release|Any CPU.ActiveCfg = Release|Any CPU
		{4DBD60B2-1586-492B-82FE-7F5EBAA57CDB}.Release|Any CPU.Build.0 = Release|Any CPU
	EndGlobalSection
	GlobalSection(SolutionProperties) = preSolution
		HideSolutionNode = FALSE
	EndGlobalSection
	GlobalSection(ExtensibilityGlobals) = postSolution
		SolutionGuid = {ED05BEB5-BDC1-4AD5-A17B-CBE556843155}
	EndGlobalSection
EndGlobal
